
Microsoft Visual Studio Solution File, Format Version 12.00
# Visual Studio Version 17
VisualStudioVersion = 17.8.34330.188
MinimumVisualStudioVersion = 10.0.40219.1
Project("{FAE04EC0-301F-11D3-BF4B-00C04F79EFBC}") = "BilgeCinemaMVC", "BilgeCinemaMVC\BilgeCinemaMVC.csproj", "{B7D72010-672B-4070-A1C1-A03829948635}"
EndProject
Global
	GlobalSection(SolutionConfigurationPlatforms) = preSolution
		Debug|Any CPU = Debug|Any CPU
		Release|Any CPU = Release|Any CPU
	EndGlobalSection
	GlobalSection(ProjectConfigurationPlatforms) = postSolution
		{B7D72010-672B-4070-A1C1-A03829948635}.Debug|Any CPU.ActiveCfg = Debug|Any CPU
		{B7D72010-672B-4070-A1C1-A03829948635}.Debug|Any CPU.Build.0 = Debug|Any CPU
		{B7D72010-672B-4070-A1C1-A03829948635}.Release|Any CPU.ActiveCfg = Release|Any CPU
		{B7D72010-672B-4070-A1C1-A03829948635}.Release|Any CPU.Build.0 = Release|Any CPU
	EndGlobalSection
	GlobalSection(SolutionProperties) = preSolution
		HideSolutionNode = FALSE
	EndGlobalSection
	GlobalSection(ExtensibilityGlobals) = postSolution
		SolutionGuid = {7BCEAB76-723D-489C-8AF0-63F11A4FC3CC}
	EndGlobalSection
EndGlobal
